
Microsoft Visual Studio Solution File, Format Version 12.00
# Visual Studio Version 17
VisualStudioVersion = 17.14.36429.23 d17.14
MinimumVisualStudioVersion = 10.0.40219.1
Project("{FAE04EC0-301F-11D3-BF4B-00C04F79EFBC}") = "StockManegement", "StockManegement\StockManegement.csproj", "{37C6F3CD-3042-4896-A0C4-FDD42A2F40A6}"
EndProject
Global
	GlobalSection(SolutionConfigurationPlatforms) = preSolution
		Debug|Any CPU = Debug|Any CPU
		Release|Any CPU = Release|Any CPU
	EndGlobalSection
	GlobalSection(ProjectConfigurationPlatforms) = postSolution
		{37C6F3CD-3042-4896-A0C4-FDD42A2F40A6}.Debug|Any CPU.ActiveCfg = Debug|Any CPU
		{37C6F3CD-3042-4896-A0C4-FDD42A2F40A6}.Debug|Any CPU.Build.0 = Debug|Any CPU
		{37C6F3CD-3042-4896-A0C4-FDD42A2F40A6}.Release|Any CPU.ActiveCfg = Release|Any CPU
		{37C6F3CD-3042-4896-A0C4-FDD42A2F40A6}.Release|Any CPU.Build.0 = Release|Any CPU
	EndGlobalSection
	GlobalSection(SolutionProperties) = preSolution
		HideSolutionNode = FALSE
	EndGlobalSection
	GlobalSection(ExtensibilityGlobals) = postSolution
		SolutionGuid = {BA380BC6-4654-4E8C-A351-4755556C72B3}
	EndGlobalSection
EndGlobal
